
Microsoft Visual Studio Solution File, Format Version 12.00
# Visual Studio Version 17
VisualStudioVersion = 17.5.002.0
MinimumVisualStudioVersion = 10.0.40219.1
Project("{9A19103F-16F7-4668-BE54-9A1E7A4F7556}") = "Clima", "Clima\Clima.csproj", "{77E0151A-9BF0-4398-87EF-A7D4760923D5}"
EndProject
Global
	GlobalSection(SolutionConfigurationPlatforms) = preSolution
		Debug|Any CPU = Debug|Any CPU
		Release|Any CPU = Release|Any CPU
	EndGlobalSection
	GlobalSection(ProjectConfigurationPlatforms) = postSolution
		{77E0151A-9BF0-4398-87EF-A7D4760923D5}.Debug|Any CPU.ActiveCfg = Debug|Any CPU
		{77E0151A-9BF0-4398-87EF-A7D4760923D5}.Debug|Any CPU.Build.0 = Debug|Any CPU
		{77E0151A-9BF0-4398-87EF-A7D4760923D5}.Release|Any CPU.ActiveCfg = Release|Any CPU
		{77E0151A-9BF0-4398-87EF-A7D4760923D5}.Release|Any CPU.Build.0 = Release|Any CPU
	EndGlobalSection
	GlobalSection(SolutionProperties) = preSolution
		HideSolutionNode = FALSE
	EndGlobalSection
	GlobalSection(ExtensibilityGlobals) = postSolution
		SolutionGuid = {F958B2CB-66A4-46E9-A303-5AA1F0205472}
	EndGlobalSection
EndGlobal
